<Solution>
  <Configurations>
    <BuildType Name="Debug DesktopVK" />
    <BuildType Name="Debug WindowsDX12" />
    <BuildType Name="Release DesktopVK" />
    <BuildType Name="Release WindowsDX12" />
  </Configurations>
  <Folder Name="/Repo Items/">
    <File Path="../.gitattributes" />
    <File Path="../.github/workflows/onPush.yml" />
    <File Path="../.github/workflows/onRelease.yml" />
    <File Path="../.gitignore" />
    <File Path="../README.md" />
  </Folder>
  <Folder Name="/Solution Items/">
    <File Path="Directory.Build.props" />
  </Folder>
  <Project Path="SCDearImGui.MonoGame.Benchmarks/SCDearImGui.MonoGame.Benchmarks.csproj" />
  <Project Path="SCDearImGui.MonoGame.Demos/SCDearImGui.MonoGame.Demos.csproj" />
  <Project Path="SCDearImGui.MonoGame/SCDearImGui.MonoGame.csproj" />
</Solution>
